# This file was autogenerated by Stack.
# You should not edit this file by hand.
# For more information, please see the documentation at:
#   https://docs.haskellstack.org/en/stable/lock_files

packages:
- completed:
    hackage: dir-traverse-0.2.2.3@sha256:cbb1e3d0d1f9a3cfcbdc58071fba8a2063bae36bab68279647a331f9a408c18a,2137
    pantry-tree:
      size: 389
      sha256: ba5b192c9bbd353ca46b3d308d4519ecf7a298e1d559c4350ddcee9591112246
  original:
    hackage: dir-traverse-0.2.2.3
snapshots:
- completed:
    size: 532835
    url: https://raw.githubusercontent.com/commercialhaskell/stackage-snapshots/master/lts/16/24.yaml
    sha256: cf2b52420b2262fe9cf0f6744929120131abd6675b1c3fb2d8b155a47f80d103
  original:
    url: https://raw.githubusercontent.com/commercialhaskell/stackage-snapshots/master/lts/16/24.yaml
